// !$*UTF8*$!
{
	archiveVersion = 1;
	classes = {
	};
	objectVersion = 55;
	objects = {

/* Begin PBXBuildFile section */
		751B73952832D2C200AE62E3 /* PersonData.swift in Sources */ = {isa = PBXBuildFile; fileRef = 751B73942832D2C200AE62E3 /* PersonData.swift */; };
		751B73992832D42800AE62E3 /* HomeCell.swift in Sources */ = {isa = PBXBuildFile; fileRef = 751B73982832D42800AE62E3 /* HomeCell.swift */; };
		754399C12832DCB20021B5E3 /* HomeCollectionViewController.swift in Sources */ = {isa = PBXBuildFile; fileRef = 754399C02832DCB20021B5E3 /* HomeCollectionViewController.swift */; };
		754399C32832DD7D0021B5E3 /* HomeCollectionViewCell.swift in Sources */ = {isa = PBXBuildFile; fileRef = 754399C22832DD7D0021B5E3 /* HomeCollectionViewCell.swift */; };
		754D9029282144D900FC3413 /* HomeTableViewController.swift in Sources */ = {isa = PBXBuildFile; fileRef = 754D9028282144D900FC3413 /* HomeTableViewController.swift */; };
		754D902B2821475600FC3413 /* UIViewController+showAlert.swift in Sources */ = {isa = PBXBuildFile; fileRef = 754D902A2821475600FC3413 /* UIViewController+showAlert.swift */; };
		7586282A281C0AFF006B1D4E /* AppDelegate.swift in Sources */ = {isa = PBXBuildFile; fileRef = 75862829281C0AFF006B1D4E /* AppDelegate.swift */; };
		7586282C281C0AFF006B1D4E /* SceneDelegate.swift in Sources */ = {isa = PBXBuildFile; fileRef = 7586282B281C0AFF006B1D4E /* SceneDelegate.swift */; };
		7586282E281C0AFF006B1D4E /* ViewController.swift in Sources */ = {isa = PBXBuildFile; fileRef = 7586282D281C0AFF006B1D4E /* ViewController.swift */; };
		75862831281C0AFF006B1D4E /* Main.storyboard in Resources */ = {isa = PBXBuildFile; fileRef = 7586282F281C0AFF006B1D4E /* Main.storyboard */; };
		75862833281C0B01006B1D4E /* Assets.xcassets in Resources */ = {isa = PBXBuildFile; fileRef = 75862832281C0B01006B1D4E /* Assets.xcassets */; };
		75862836281C0B01006B1D4E /* LaunchScreen.storyboard in Resources */ = {isa = PBXBuildFile; fileRef = 75862834281C0B01006B1D4E /* LaunchScreen.storyboard */; };
		75E0887A2832F35D00AB56A4 /* User.swift in Sources */ = {isa = PBXBuildFile; fileRef = 75E088792832F35D00AB56A4 /* User.swift */; };
		75E0887C2832F3A300AB56A4 /* UserPost.swift in Sources */ = {isa = PBXBuildFile; fileRef = 75E0887B2832F3A300AB56A4 /* UserPost.swift */; };
		75E0887E2832F3BC00AB56A4 /* Group.swift in Sources */ = {isa = PBXBuildFile; fileRef = 75E0887D2832F3BC00AB56A4 /* Group.swift */; };
		75E088802832F53E00AB56A4 /* GroupsData.swift in Sources */ = {isa = PBXBuildFile; fileRef = 75E0887F2832F53E00AB56A4 /* GroupsData.swift */; };
/* End PBXBuildFile section */

/* Begin PBXFileReference section */
		751B73942832D2C200AE62E3 /* PersonData.swift */ = {isa = PBXFileReference; lastKnownFileType = sourcecode.swift; path = PersonData.swift; sourceTree = "<group>"; };
		751B73982832D42800AE62E3 /* HomeCell.swift */ = {isa = PBXFileReference; lastKnownFileType = sourcecode.swift; path = HomeCell.swift; sourceTree = "<group>"; };
		754399C02832DCB20021B5E3 /* HomeCollectionViewController.swift */ = {isa = PBXFileReference; lastKnownFileType = sourcecode.swift; path = HomeCollectionViewController.swift; sourceTree = "<group>"; };
		754399C22832DD7D0021B5E3 /* HomeCollectionViewCell.swift */ = {isa = PBXFileReference; lastKnownFileType = sourcecode.swift; path = HomeCollectionViewCell.swift; sourceTree = "<group>"; };
		754D9028282144D900FC3413 /* HomeTableViewController.swift */ = {isa = PBXFileReference; lastKnownFileType = sourcecode.swift; path = HomeTableViewController.swift; sourceTree = "<group>"; };
		754D902A2821475600FC3413 /* UIViewController+showAlert.swift */ = {isa = PBXFileReference; lastKnownFileType = sourcecode.swift; path = "UIViewController+showAlert.swift"; sourceTree = "<group>"; };
		75862826281C0AFF006B1D4E /* IOSLessons.app */ = {isa = PBXFileReference; explicitFileType = wrapper.application; includeInIndex = 0; path = IOSLessons.app; sourceTree = BUILT_PRODUCTS_DIR; };
		75862829281C0AFF006B1D4E /* AppDelegate.swift */ = {isa = PBXFileReference; lastKnownFileType = sourcecode.swift; path = AppDelegate.swift; sourceTree = "<group>"; };
		7586282B281C0AFF006B1D4E /* SceneDelegate.swift */ = {isa = PBXFileReference; lastKnownFileType = sourcecode.swift; path = SceneDelegate.swift; sourceTree = "<group>"; };
		7586282D281C0AFF006B1D4E /* ViewController.swift */ = {isa = PBXFileReference; lastKnownFileType = sourcecode.swift; path = ViewController.swift; sourceTree = "<group>"; };
		75862830281C0AFF006B1D4E /* Base */ = {isa = PBXFileReference; lastKnownFileType = file.storyboard; name = Base; path = Base.lproj/Main.storyboard; sourceTree = "<group>"; };
		75862832281C0B01006B1D4E /* Assets.xcassets */ = {isa = PBXFileReference; lastKnownFileType = folder.assetcatalog; path = Assets.xcassets; sourceTree = "<group>"; };
		75862835281C0B01006B1D4E /* Base */ = {isa = PBXFileReference; lastKnownFileType = file.storyboard; name = Base; path = Base.lproj/LaunchScreen.storyboard; sourceTree = "<group>"; };
		75862837281C0B01006B1D4E /* Info.plist */ = {isa = PBXFileReference; lastKnownFileType = text.plist.xml; path = Info.plist; sourceTree = "<group>"; };
		75E088792832F35D00AB56A4 /* User.swift */ = {isa = PBXFileReference; lastKnownFileType = sourcecode.swift; path = User.swift; sourceTree = "<group>"; };
		75E0887B2832F3A300AB56A4 /* UserPost.swift */ = {isa = PBXFileReference; lastKnownFileType = sourcecode.swift; path = UserPost.swift; sourceTree = "<group>"; };
		75E0887D2832F3BC00AB56A4 /* Group.swift */ = {isa = PBXFileReference; lastKnownFileType = sourcecode.swift; path = Group.swift; sourceTree = "<group>"; };
		75E0887F2832F53E00AB56A4 /* GroupsData.swift */ = {isa = PBXFileReference; lastKnownFileType = sourcecode.swift; path = GroupsData.swift; sourceTree = "<group>"; };
/* End PBXFileReference section */

/* Begin PBXFrameworksBuildPhase section */
		75862823281C0AFF006B1D4E /* Frameworks */ = {
			isa = PBXFrameworksBuildPhase;
			buildActionMask = 2147483647;
			files = (
			);
			runOnlyForDeploymentPostprocessing = 0;
		};
/* End PBXFrameworksBuildPhase section */

/* Begin PBXGroup section */
		751B73922832D1AF00AE62E3 /* Home */ = {
			isa = PBXGroup;
			children = (
				754D9028282144D900FC3413 /* HomeTableViewController.swift */,
				751B73982832D42800AE62E3 /* HomeCell.swift */,
				754399C02832DCB20021B5E3 /* HomeCollectionViewController.swift */,
				754399C22832DD7D0021B5E3 /* HomeCollectionViewCell.swift */,
			);
			path = Home;
			sourceTree = "<group>";
		};
		751B73932832D1BD00AE62E3 /* Extensions */ = {
			isa = PBXGroup;
			children = (
				754D902A2821475600FC3413 /* UIViewController+showAlert.swift */,
			);
			path = Extensions;
			sourceTree = "<group>";
		};
		7586281D281C0AFF006B1D4E = {
			isa = PBXGroup;
			children = (
				75862828281C0AFF006B1D4E /* IOSLessons */,
				75862827281C0AFF006B1D4E /* Products */,
			);
			sourceTree = "<group>";
		};
		75862827281C0AFF006B1D4E /* Products */ = {
			isa = PBXGroup;
			children = (
				75862826281C0AFF006B1D4E /* IOSLessons.app */,
			);
			name = Products;
			sourceTree = "<group>";
		};
		75862828281C0AFF006B1D4E /* IOSLessons */ = {
			isa = PBXGroup;
			children = (
				75E088782832F33200AB56A4 /* Models */,
				75D296B32832D93300EFEB19 /* DataSources */,
				751B73932832D1BD00AE62E3 /* Extensions */,
				751B73922832D1AF00AE62E3 /* Home */,
				75862829281C0AFF006B1D4E /* AppDelegate.swift */,
				7586282B281C0AFF006B1D4E /* SceneDelegate.swift */,
				7586282D281C0AFF006B1D4E /* ViewController.swift */,
				7586282F281C0AFF006B1D4E /* Main.storyboard */,
				75862832281C0B01006B1D4E /* Assets.xcassets */,
				75862834281C0B01006B1D4E /* LaunchScreen.storyboard */,
				75862837281C0B01006B1D4E /* Info.plist */,
			);
			path = IOSLessons;
			sourceTree = "<group>";
		};
		75D296B32832D93300EFEB19 /* DataSources */ = {
			isa = PBXGroup;
			children = (
				751B73942832D2C200AE62E3 /* PersonData.swift */,
				75E0887F2832F53E00AB56A4 /* GroupsData.swift */,
			);
			path = DataSources;
			sourceTree = "<group>";
		};
		75E088782832F33200AB56A4 /* Models */ = {
			isa = PBXGroup;
			children = (
				75E0887B2832F3A300AB56A4 /* UserPost.swift */,
				75E088792832F35D00AB56A4 /* User.swift */,
				75E0887D2832F3BC00AB56A4 /* Group.swift */,
			);
			path = Models;
			sourceTree = "<group>";
		};
/* End PBXGroup section */

/* Begin PBXNativeTarget section */
		75862825281C0AFF006B1D4E /* IOSLessons */ = {
			isa = PBXNativeTarget;
			buildConfigurationList = 7586283A281C0B01006B1D4E /* Build configuration list for PBXNativeTarget "IOSLessons" */;
			buildPhases = (
				75862822281C0AFF006B1D4E /* Sources */,
				75862823281C0AFF006B1D4E /* Frameworks */,
				75862824281C0AFF006B1D4E /* Resources */,
			);
			buildRules = (
			);
			dependencies = (
			);
			name = IOSLessons;
			productName = IOSLessons;
			productReference = 75862826281C0AFF006B1D4E /* IOSLessons.app */;
			productType = "com.apple.product-type.application";
		};
/* End PBXNativeTarget section */

/* Begin PBXProject section */
		7586281E281C0AFF006B1D4E /* Project object */ = {
			isa = PBXProject;
			attributes = {
				BuildIndependentTargetsInParallel = 1;
				LastSwiftUpdateCheck = 1330;
				LastUpgradeCheck = 1330;
				TargetAttributes = {
					75862825281C0AFF006B1D4E = {
						CreatedOnToolsVersion = 13.3.1;
					};
				};
			};
			buildConfigurationList = 75862821281C0AFF006B1D4E /* Build configuration list for PBXProject "IOSLessons" */;
			compatibilityVersion = "Xcode 13.0";
			developmentRegion = en;
			hasScannedForEncodings = 0;
			knownRegions = (
				en,
				Base,
			);
			mainGroup = 7586281D281C0AFF006B1D4E;
			productRefGroup = 75862827281C0AFF006B1D4E /* Products */;
			projectDirPath = "";
			projectRoot = "";
			targets = (
				75862825281C0AFF006B1D4E /* IOSLessons */,
			);
		};
/* End PBXProject section */

/* Begin PBXResourcesBuildPhase section */
		75862824281C0AFF006B1D4E /* Resources */ = {
			isa = PBXResourcesBuildPhase;
			buildActionMask = 2147483647;
			files = (
				75862836281C0B01006B1D4E /* LaunchScreen.storyboard in Resources */,
				75862833281C0B01006B1D4E /* Assets.xcassets in Resources */,
				75862831281C0AFF006B1D4E /* Main.storyboard in Resources */,
			);
			runOnlyForDeploymentPostprocessing = 0;
		};
/* End PBXResourcesBuildPhase section */

/* Begin PBXSourcesBuildPhase section */
		75862822281C0AFF006B1D4E /* Sources */ = {
			isa = PBXSourcesBuildPhase;
			buildActionMask = 2147483647;
			files = (
				754D9029282144D900FC3413 /* HomeTableViewController.swift in Sources */,
				7586282E281C0AFF006B1D4E /* ViewController.swift in Sources */,
				751B73952832D2C200AE62E3 /* PersonData.swift in Sources */,
				75E0887E2832F3BC00AB56A4 /* Group.swift in Sources */,
				751B73992832D42800AE62E3 /* HomeCell.swift in Sources */,
				7586282A281C0AFF006B1D4E /* AppDelegate.swift in Sources */,
				75E0887C2832F3A300AB56A4 /* UserPost.swift in Sources */,
				754399C32832DD7D0021B5E3 /* HomeCollectionViewCell.swift in Sources */,
				754D902B2821475600FC3413 /* UIViewController+showAlert.swift in Sources */,
				754399C12832DCB20021B5E3 /* HomeCollectionViewController.swift in Sources */,
				75E0887A2832F35D00AB56A4 /* User.swift in Sources */,
				75E088802832F53E00AB56A4 /* GroupsData.swift in Sources */,
				7586282C281C0AFF006B1D4E /* SceneDelegate.swift in Sources */,
			);
			runOnlyForDeploymentPostprocessing = 0;
		};
/* End PBXSourcesBuildPhase section */

/* Begin PBXVariantGroup section */
		7586282F281C0AFF006B1D4E /* Main.storyboard */ = {
			isa = PBXVariantGroup;
			children = (
				75862830281C0AFF006B1D4E /* Base */,
			);
			name = Main.storyboard;
			sourceTree = "<group>";
		};
		75862834281C0B01006B1D4E /* LaunchScreen.storyboard */ = {
			isa = PBXVariantGroup;
			children = (
				75862835281C0B01006B1D4E /* Base */,
			);
			name = LaunchScreen.storyboard;
			sourceTree = "<group>";
		};
/* End PBXVariantGroup section */

/* Begin XCBuildConfiguration section */
		75862838281C0B01006B1D4E /* Debug */ = {
			isa = XCBuildConfiguration;
			buildSettings = {
				ALWAYS_SEARCH_USER_PATHS = NO;
				CLANG_ANALYZER_NONNULL = YES;
				CLANG_ANALYZER_NUMBER_OBJECT_CONVERSION = YES_AGGRESSIVE;
				CLANG_CXX_LANGUAGE_STANDARD = "gnu++17";
				CLANG_ENABLE_MODULES = YES;
				CLANG_ENABLE_OBJC_ARC = YES;
				CLANG_ENABLE_OBJC_WEAK = YES;
				CLANG_WARN_BLOCK_CAPTURE_AUTORELEASING = YES;
				CLANG_WARN_BOOL_CONVERSION = YES;
				CLANG_WARN_COMMA = YES;
				CLANG_WARN_CONSTANT_CONVERSION = YES;
				CLANG_WARN_DEPRECATED_OBJC_IMPLEMENTATIONS = YES;
				CLANG_WARN_DIRECT_OBJC_ISA_USAGE = YES_ERROR;
				CLANG_WARN_DOCUMENTATION_COMMENTS = YES;
				CLANG_WARN_EMPTY_BODY = YES;
				CLANG_WARN_ENUM_CONVERSION = YES;
				CLANG_WARN_INFINITE_RECURSION = YES;
				CLANG_WARN_INT_CONVERSION = YES;
				CLANG_WARN_NON_LITERAL_NULL_CONVERSION = YES;
				CLANG_WARN_OBJC_IMPLICIT_RETAIN_SELF = YES;
				CLANG_WARN_OBJC_LITERAL_CONVERSION = YES;
				CLANG_WARN_OBJC_ROOT_CLASS = YES_ERROR;
				CLANG_WARN_QUOTED_INCLUDE_IN_FRAMEWORK_HEADER = YES;
				CLANG_WARN_RANGE_LOOP_ANALYSIS = YES;
				CLANG_WARN_STRICT_PROTOTYPES = YES;
				CLANG_WARN_SUSPICIOUS_MOVE = YES;
				CLANG_WARN_UNGUARDED_AVAILABILITY = YES_AGGRESSIVE;
				CLANG_WARN_UNREACHABLE_CODE = YES;
				CLANG_WARN__DUPLICATE_METHOD_MATCH = YES;
				COPY_PHASE_STRIP = NO;
				DEBUG_INFORMATION_FORMAT = dwarf;
				ENABLE_STRICT_OBJC_MSGSEND = YES;
				ENABLE_TESTABILITY = YES;
				GCC_C_LANGUAGE_STANDARD = gnu11;
				GCC_DYNAMIC_NO_PIC = NO;
				GCC_NO_COMMON_BLOCKS = YES;
				GCC_OPTIMIZATION_LEVEL = 0;
				GCC_PREPROCESSOR_DEFINITIONS = (
					"DEBUG=1",
					"$(inherited)",
				);
				GCC_WARN_64_TO_32_BIT_CONVERSION = YES;
				GCC_WARN_ABOUT_RETURN_TYPE = YES_ERROR;
				GCC_WARN_UNDECLARED_SELECTOR = YES;
				GCC_WARN_UNINITIALIZED_AUTOS = YES_AGGRESSIVE;
				GCC_WARN_UNUSED_FUNCTION = YES;
				GCC_WARN_UNUSED_VARIABLE = YES;
				IPHONEOS_DEPLOYMENT_TARGET = 15.4;
				MTL_ENABLE_DEBUG_INFO = INCLUDE_SOURCE;
				MTL_FAST_MATH = YES;
				ONLY_ACTIVE_ARCH = YES;
				SDKROOT = iphoneos;
				SWIFT_ACTIVE_COMPILATION_CONDITIONS = DEBUG;
				SWIFT_OPTIMIZATION_LEVEL = "-Onone";
			};
			name = Debug;
		};
		75862839281C0B01006B1D4E /* Release */ = {
			isa = XCBuildConfiguration;
			buildSettings = {
				ALWAYS_SEARCH_USER_PATHS = NO;
				CLANG_ANALYZER_NONNULL = YES;
				CLANG_ANALYZER_NUMBER_OBJECT_CONVERSION = YES_AGGRESSIVE;
				CLANG_CXX_LANGUAGE_STANDARD = "gnu++17";
				CLANG_ENABLE_MODULES = YES;
				CLANG_ENABLE_OBJC_ARC = YES;
				CLANG_ENABLE_OBJC_WEAK = YES;
				CLANG_WARN_BLOCK_CAPTURE_AUTORELEASING = YES;
				CLANG_WARN_BOOL_CONVERSION = YES;
				CLANG_WARN_COMMA = YES;
				CLANG_WARN_CONSTANT_CONVERSION = YES;
				CLANG_WARN_DEPRECATED_OBJC_IMPLEMENTATIONS = YES;
				CLANG_WARN_DIRECT_OBJC_ISA_USAGE = YES_ERROR;
				CLANG_WARN_DOCUMENTATION_COMMENTS = YES;
				CLANG_WARN_EMPTY_BODY = YES;
				CLANG_WARN_ENUM_CONVERSION = YES;
				CLANG_WARN_INFINITE_RECURSION = YES;
				CLANG_WARN_INT_CONVERSION = YES;
				CLANG_WARN_NON_LITERAL_NULL_CONVERSION = YES;
				CLANG_WARN_OBJC_IMPLICIT_RETAIN_SELF = YES;
				CLANG_WARN_OBJC_LITERAL_CONVERSION = YES;
				CLANG_WARN_OBJC_ROOT_CLASS = YES_ERROR;
				CLANG_WARN_QUOTED_INCLUDE_IN_FRAMEWORK_HEADER = YES;
				CLANG_WARN_RANGE_LOOP_ANALYSIS = YES;
				CLANG_WARN_STRICT_PROTOTYPES = YES;
				CLANG_WARN_SUSPICIOUS_MOVE = YES;
				CLANG_WARN_UNGUARDED_AVAILABILITY = YES_AGGRESSIVE;
				CLANG_WARN_UNREACHABLE_CODE = YES;
				CLANG_WARN__DUPLICATE_METHOD_MATCH = YES;
				COPY_PHASE_STRIP = NO;
				DEBUG_INFORMATION_FORMAT = "dwarf-with-dsym";
				ENABLE_NS_ASSERTIONS = NO;
				ENABLE_STRICT_OBJC_MSGSEND = YES;
				GCC_C_LANGUAGE_STANDARD = gnu11;
				GCC_NO_COMMON_BLOCKS = YES;
				GCC_WARN_64_TO_32_BIT_CONVERSION = YES;
				GCC_WARN_ABOUT_RETURN_TYPE = YES_ERROR;
				GCC_WARN_UNDECLARED_SELECTOR = YES;
				GCC_WARN_UNINITIALIZED_AUTOS = YES_AGGRESSIVE;
				GCC_WARN_UNUSED_FUNCTION = YES;
				GCC_WARN_UNUSED_VARIABLE = YES;
				IPHONEOS_DEPLOYMENT_TARGET = 15.4;
				MTL_ENABLE_DEBUG_INFO = NO;
				MTL_FAST_MATH = YES;
				SDKROOT = iphoneos;
				SWIFT_COMPILATION_MODE = wholemodule;
				SWIFT_OPTIMIZATION_LEVEL = "-O";
				VALIDATE_PRODUCT = YES;
			};
			name = Release;
		};
		7586283B281C0B01006B1D4E /* Debug */ = {
			isa = XCBuildConfiguration;
			buildSettings = {
				ASSETCATALOG_COMPILER_APPICON_NAME = AppIcon;
				ASSETCATALOG_COMPILER_GLOBAL_ACCENT_COLOR_NAME = AccentColor;
				CODE_SIGN_STYLE = Automatic;
				CURRENT_PROJECT_VERSION = 1;
				DEVELOPMENT_TEAM = 47X734N754;
				GENERATE_INFOPLIST_FILE = YES;
				INFOPLIST_FILE = IOSLessons/Info.plist;
				INFOPLIST_KEY_UIApplicationSupportsIndirectInputEvents = YES;
				INFOPLIST_KEY_UILaunchStoryboardName = LaunchScreen;
				INFOPLIST_KEY_UIMainStoryboardFile = Main;
				INFOPLIST_KEY_UISupportedInterfaceOrientations_iPad = "UIInterfaceOrientationPortrait UIInterfaceOrientationPortraitUpsideDown UIInterfaceOrientationLandscapeLeft UIInterfaceOrientationLandscapeRight";
				INFOPLIST_KEY_UISupportedInterfaceOrientations_iPhone = "UIInterfaceOrientationPortrait UIInterfaceOrientationLandscapeLeft UIInterfaceOrientationLandscapeRight";
				LD_RUNPATH_SEARCH_PATHS = (
					"$(inherited)",
					"@executable_path/Frameworks",
				);
				MARKETING_VERSION = 1.0;
				PRODUCT_BUNDLE_IDENTIFIER = hedgehog.IOSLessons;
				PRODUCT_NAME = "$(TARGET_NAME)";
				SWIFT_EMIT_LOC_STRINGS = YES;
				SWIFT_VERSION = 5.0;
				TARGETED_DEVICE_FAMILY = "1,2";
			};
			name = Debug;
		};
		7586283C281C0B01006B1D4E /* Release */ = {
			isa = XCBuildConfiguration;
			buildSettings = {
				ASSETCATALOG_COMPILER_APPICON_NAME = AppIcon;
				ASSETCATALOG_COMPILER_GLOBAL_ACCENT_COLOR_NAME = AccentColor;
				CODE_SIGN_STYLE = Automatic;
				CURRENT_PROJECT_VERSION = 1;
				DEVELOPMENT_TEAM = 47X734N754;
				GENERATE_INFOPLIST_FILE = YES;
				INFOPLIST_FILE = IOSLessons/Info.plist;
				INFOPLIST_KEY_UIApplicationSupportsIndirectInputEvents = YES;
				INFOPLIST_KEY_UILaunchStoryboardName = LaunchScreen;
				INFOPLIST_KEY_UIMainStoryboardFile = Main;
				INFOPLIST_KEY_UISupportedInterfaceOrientations_iPad = "UIInterfaceOrientationPortrait UIInterfaceOrientationPortraitUpsideDown UIInterfaceOrientationLandscapeLeft UIInterfaceOrientationLandscapeRight";
				INFOPLIST_KEY_UISupportedInterfaceOrientations_iPhone = "UIInterfaceOrientationPortrait UIInterfaceOrientationLandscapeLeft UIInterfaceOrientationLandscapeRight";
				LD_RUNPATH_SEARCH_PATHS = (
					"$(inherited)",
					"@executable_path/Frameworks",
				);
				MARKETING_VERSION = 1.0;
				PRODUCT_BUNDLE_IDENTIFIER = hedgehog.IOSLessons;
				PRODUCT_NAME = "$(TARGET_NAME)";
				SWIFT_EMIT_LOC_STRINGS = YES;
				SWIFT_VERSION = 5.0;
				TARGETED_DEVICE_FAMILY = "1,2";
			};
			name = Release;
		};
/* End XCBuildConfiguration section */

/* Begin XCConfigurationList section */
		75862821281C0AFF006B1D4E /* Build configuration list for PBXProject "IOSLessons" */ = {
			isa = XCConfigurationList;
			buildConfigurations = (
				75862838281C0B01006B1D4E /* Debug */,
				75862839281C0B01006B1D4E /* Release */,
			);
			defaultConfigurationIsVisible = 0;
			defaultConfigurationName = Release;
		};
		7586283A281C0B01006B1D4E /* Build configuration list for PBXNativeTarget "IOSLessons" */ = {
			isa = XCConfigurationList;
			buildConfigurations = (
				7586283B281C0B01006B1D4E /* Debug */,
				7586283C281C0B01006B1D4E /* Release */,
			);
			defaultConfigurationIsVisible = 0;
			defaultConfigurationName = Release;
		};
/* End XCConfigurationList section */
	};
	rootObject = 7586281E281C0AFF006B1D4E /* Project object */;
}
