// !$*UTF8*$!
{
	archiveVersion = 1;
	classes = {
	};
	objectVersion = 55;
	objects = {

/* Begin PBXBuildFile section */
		750CA7872837AFC70005D656 /* LikeControl.swift in Sources */ = {isa = PBXBuildFile; fileRef = 750CA7862837AFC70005D656 /* LikeControl.swift */; };
		751B73952832D2C200AE62E3 /* PersonData.swift in Sources */ = {isa = PBXBuildFile; fileRef = 751B73942832D2C200AE62E3 /* PersonData.swift */; };
		751D25E528431F58000601D0 /* Spinner.swift in Sources */ = {isa = PBXBuildFile; fileRef = 751D25E428431F58000601D0 /* Spinner.swift */; };
		753261982847E69B0047A46D /* FullScreenImageViewController.swift in Sources */ = {isa = PBXBuildFile; fileRef = 753261972847E69B0047A46D /* FullScreenImageViewController.swift */; };
		7532619A2847E8DE0047A46D /* ImagesCollectionView.swift in Sources */ = {isa = PBXBuildFile; fileRef = 753261992847E8DE0047A46D /* ImagesCollectionView.swift */; };
		753261A32847EC9C0047A46D /* FullScreenAnimator.swift in Sources */ = {isa = PBXBuildFile; fileRef = 753261A22847EC9C0047A46D /* FullScreenAnimator.swift */; };
		754399C12832DCB20021B5E3 /* FeedCollectionViewController.swift in Sources */ = {isa = PBXBuildFile; fileRef = 754399C02832DCB20021B5E3 /* FeedCollectionViewController.swift */; };
		754399C32832DD7D0021B5E3 /* FeedCollectionViewCell.swift in Sources */ = {isa = PBXBuildFile; fileRef = 754399C22832DD7D0021B5E3 /* FeedCollectionViewCell.swift */; };
		754D9029282144D900FC3413 /* FriendsTableViewController.swift in Sources */ = {isa = PBXBuildFile; fileRef = 754D9028282144D900FC3413 /* FriendsTableViewController.swift */; };
		754D902B2821475600FC3413 /* UIViewController+showAlert.swift in Sources */ = {isa = PBXBuildFile; fileRef = 754D902A2821475600FC3413 /* UIViewController+showAlert.swift */; };
		754E6F47283787CF00F4A920 /* CanvasViewController.swift in Sources */ = {isa = PBXBuildFile; fileRef = 754E6F46283787CF00F4A920 /* CanvasViewController.swift */; };
		754E6F49283788CE00F4A920 /* DravingTestView.swift in Sources */ = {isa = PBXBuildFile; fileRef = 754E6F48283788CE00F4A920 /* DravingTestView.swift */; };
		754E6F4C283791C300F4A920 /* Avatar.swift in Sources */ = {isa = PBXBuildFile; fileRef = 754E6F4B283791C300F4A920 /* Avatar.swift */; };
		754E6F4E283792BB00F4A920 /* CircleImage.swift in Sources */ = {isa = PBXBuildFile; fileRef = 754E6F4D283792BB00F4A920 /* CircleImage.swift */; };
		7556D6D8284E99EB006162AA /* SpinnerViewController.swift in Sources */ = {isa = PBXBuildFile; fileRef = 7556D6D7284E99EB006162AA /* SpinnerViewController.swift */; };
		7556D6DC284E9C9D006162AA /* MultipleImagesView.swift in Sources */ = {isa = PBXBuildFile; fileRef = 7556D6DB284E9C9D006162AA /* MultipleImagesView.swift */; };
		7586282A281C0AFF006B1D4E /* AppDelegate.swift in Sources */ = {isa = PBXBuildFile; fileRef = 75862829281C0AFF006B1D4E /* AppDelegate.swift */; };
		7586282C281C0AFF006B1D4E /* SceneDelegate.swift in Sources */ = {isa = PBXBuildFile; fileRef = 7586282B281C0AFF006B1D4E /* SceneDelegate.swift */; };
		7586282E281C0AFF006B1D4E /* ViewController.swift in Sources */ = {isa = PBXBuildFile; fileRef = 7586282D281C0AFF006B1D4E /* ViewController.swift */; };
		75862831281C0AFF006B1D4E /* Main.storyboard in Resources */ = {isa = PBXBuildFile; fileRef = 7586282F281C0AFF006B1D4E /* Main.storyboard */; };
		75862833281C0B01006B1D4E /* Assets.xcassets in Resources */ = {isa = PBXBuildFile; fileRef = 75862832281C0B01006B1D4E /* Assets.xcassets */; };
		75862836281C0B01006B1D4E /* LaunchScreen.storyboard in Resources */ = {isa = PBXBuildFile; fileRef = 75862834281C0B01006B1D4E /* LaunchScreen.storyboard */; };
		75A693202834DB5C00419C4C /* ProfileViewController.swift in Sources */ = {isa = PBXBuildFile; fileRef = 75A6931F2834DB5C00419C4C /* ProfileViewController.swift */; };
		75A693242834DC2F00419C4C /* GroupTableView.swift in Sources */ = {isa = PBXBuildFile; fileRef = 75A693232834DC2F00419C4C /* GroupTableView.swift */; };
		75A693262834DF8000419C4C /* ProfileView.swift in Sources */ = {isa = PBXBuildFile; fileRef = 75A693252834DF8000419C4C /* ProfileView.swift */; };
		75A693292834E14100419C4C /* ProfileTableViewCell.swift in Sources */ = {isa = PBXBuildFile; fileRef = 75A693282834E14100419C4C /* ProfileTableViewCell.swift */; };
		75A6932B2834E89F00419C4C /* GroupsTableViewController.swift in Sources */ = {isa = PBXBuildFile; fileRef = 75A6932A2834E89F00419C4C /* GroupsTableViewController.swift */; };
		75A6932D2834E9C400419C4C /* GroupTableViewCell.swift in Sources */ = {isa = PBXBuildFile; fileRef = 75A6932C2834E9C400419C4C /* GroupTableViewCell.swift */; };
		75A6932F2834EDDB00419C4C /* AllGroupsTableViewController.swift in Sources */ = {isa = PBXBuildFile; fileRef = 75A6932E2834EDDB00419C4C /* AllGroupsTableViewController.swift */; };
		75A693312834F36D00419C4C /* AllGroupTableViewCell.swift in Sources */ = {isa = PBXBuildFile; fileRef = 75A693302834F36D00419C4C /* AllGroupTableViewCell.swift */; };
		75E0887A2832F35D00AB56A4 /* User.swift in Sources */ = {isa = PBXBuildFile; fileRef = 75E088792832F35D00AB56A4 /* User.swift */; };
		75E0887C2832F3A300AB56A4 /* UserPost.swift in Sources */ = {isa = PBXBuildFile; fileRef = 75E0887B2832F3A300AB56A4 /* UserPost.swift */; };
		75E0887E2832F3BC00AB56A4 /* Group.swift in Sources */ = {isa = PBXBuildFile; fileRef = 75E0887D2832F3BC00AB56A4 /* Group.swift */; };
		75E088802832F53E00AB56A4 /* GroupsData.swift in Sources */ = {isa = PBXBuildFile; fileRef = 75E0887F2832F53E00AB56A4 /* GroupsData.swift */; };
		75E088822832F6E700AB56A4 /* Profile.swift in Sources */ = {isa = PBXBuildFile; fileRef = 75E088812832F6E700AB56A4 /* Profile.swift */; };
		75E74921283EAACB009E4DF6 /* FriendTableViewCell.swift in Sources */ = {isa = PBXBuildFile; fileRef = 75E7491F283EAACB009E4DF6 /* FriendTableViewCell.swift */; };
		75E74922283EAACB009E4DF6 /* FriendTableViewCell.xib in Resources */ = {isa = PBXBuildFile; fileRef = 75E74920283EAACB009E4DF6 /* FriendTableViewCell.xib */; };
		75E74924283EADCE009E4DF6 /* AddFriendsTableViewController.swift in Sources */ = {isa = PBXBuildFile; fileRef = 75E74923283EADCE009E4DF6 /* AddFriendsTableViewController.swift */; };
		75FC49AD284EBA2C00E0584C /* MultipleImagesViewDelegate.swift in Sources */ = {isa = PBXBuildFile; fileRef = 75FC49AC284EBA2C00E0584C /* MultipleImagesViewDelegate.swift */; };
/* End PBXBuildFile section */

/* Begin PBXFileReference section */
		750CA7862837AFC70005D656 /* LikeControl.swift */ = {isa = PBXFileReference; lastKnownFileType = sourcecode.swift; path = LikeControl.swift; sourceTree = "<group>"; };
		751B73942832D2C200AE62E3 /* PersonData.swift */ = {isa = PBXFileReference; lastKnownFileType = sourcecode.swift; path = PersonData.swift; sourceTree = "<group>"; };
		751D25E428431F58000601D0 /* Spinner.swift */ = {isa = PBXFileReference; lastKnownFileType = sourcecode.swift; path = Spinner.swift; sourceTree = "<group>"; };
		753261972847E69B0047A46D /* FullScreenImageViewController.swift */ = {isa = PBXFileReference; lastKnownFileType = sourcecode.swift; path = FullScreenImageViewController.swift; sourceTree = "<group>"; };
		753261992847E8DE0047A46D /* ImagesCollectionView.swift */ = {isa = PBXFileReference; lastKnownFileType = sourcecode.swift; path = ImagesCollectionView.swift; sourceTree = "<group>"; };
		753261A22847EC9C0047A46D /* FullScreenAnimator.swift */ = {isa = PBXFileReference; lastKnownFileType = sourcecode.swift; path = FullScreenAnimator.swift; sourceTree = "<group>"; };
		754399C02832DCB20021B5E3 /* FeedCollectionViewController.swift */ = {isa = PBXFileReference; lastKnownFileType = sourcecode.swift; path = FeedCollectionViewController.swift; sourceTree = "<group>"; };
		754399C22832DD7D0021B5E3 /* FeedCollectionViewCell.swift */ = {isa = PBXFileReference; lastKnownFileType = sourcecode.swift; path = FeedCollectionViewCell.swift; sourceTree = "<group>"; };
		754D9028282144D900FC3413 /* FriendsTableViewController.swift */ = {isa = PBXFileReference; lastKnownFileType = sourcecode.swift; path = FriendsTableViewController.swift; sourceTree = "<group>"; };
		754D902A2821475600FC3413 /* UIViewController+showAlert.swift */ = {isa = PBXFileReference; lastKnownFileType = sourcecode.swift; path = "UIViewController+showAlert.swift"; sourceTree = "<group>"; };
		754E6F46283787CF00F4A920 /* CanvasViewController.swift */ = {isa = PBXFileReference; lastKnownFileType = sourcecode.swift; path = CanvasViewController.swift; sourceTree = "<group>"; };
		754E6F48283788CE00F4A920 /* DravingTestView.swift */ = {isa = PBXFileReference; lastKnownFileType = sourcecode.swift; path = DravingTestView.swift; sourceTree = "<group>"; };
		754E6F4B283791C300F4A920 /* Avatar.swift */ = {isa = PBXFileReference; lastKnownFileType = sourcecode.swift; path = Avatar.swift; sourceTree = "<group>"; };
		754E6F4D283792BB00F4A920 /* CircleImage.swift */ = {isa = PBXFileReference; lastKnownFileType = sourcecode.swift; path = CircleImage.swift; sourceTree = "<group>"; };
		7556D6D7284E99EB006162AA /* SpinnerViewController.swift */ = {isa = PBXFileReference; lastKnownFileType = sourcecode.swift; path = SpinnerViewController.swift; sourceTree = "<group>"; };
		7556D6DB284E9C9D006162AA /* MultipleImagesView.swift */ = {isa = PBXFileReference; lastKnownFileType = sourcecode.swift; path = MultipleImagesView.swift; sourceTree = "<group>"; };
		75862826281C0AFF006B1D4E /* IOSLessons.app */ = {isa = PBXFileReference; explicitFileType = wrapper.application; includeInIndex = 0; path = IOSLessons.app; sourceTree = BUILT_PRODUCTS_DIR; };
		75862829281C0AFF006B1D4E /* AppDelegate.swift */ = {isa = PBXFileReference; lastKnownFileType = sourcecode.swift; path = AppDelegate.swift; sourceTree = "<group>"; };
		7586282B281C0AFF006B1D4E /* SceneDelegate.swift */ = {isa = PBXFileReference; lastKnownFileType = sourcecode.swift; path = SceneDelegate.swift; sourceTree = "<group>"; };
		7586282D281C0AFF006B1D4E /* ViewController.swift */ = {isa = PBXFileReference; lastKnownFileType = sourcecode.swift; path = ViewController.swift; sourceTree = "<group>"; };
		75862830281C0AFF006B1D4E /* Base */ = {isa = PBXFileReference; lastKnownFileType = file.storyboard; name = Base; path = Base.lproj/Main.storyboard; sourceTree = "<group>"; };
		75862832281C0B01006B1D4E /* Assets.xcassets */ = {isa = PBXFileReference; lastKnownFileType = folder.assetcatalog; path = Assets.xcassets; sourceTree = "<group>"; };
		75862835281C0B01006B1D4E /* Base */ = {isa = PBXFileReference; lastKnownFileType = file.storyboard; name = Base; path = Base.lproj/LaunchScreen.storyboard; sourceTree = "<group>"; };
		75862837281C0B01006B1D4E /* Info.plist */ = {isa = PBXFileReference; lastKnownFileType = text.plist.xml; path = Info.plist; sourceTree = "<group>"; };
		75A6931F2834DB5C00419C4C /* ProfileViewController.swift */ = {isa = PBXFileReference; lastKnownFileType = sourcecode.swift; path = ProfileViewController.swift; sourceTree = "<group>"; };
		75A693232834DC2F00419C4C /* GroupTableView.swift */ = {isa = PBXFileReference; lastKnownFileType = sourcecode.swift; path = GroupTableView.swift; sourceTree = "<group>"; };
		75A693252834DF8000419C4C /* ProfileView.swift */ = {isa = PBXFileReference; lastKnownFileType = sourcecode.swift; path = ProfileView.swift; sourceTree = "<group>"; };
		75A693282834E14100419C4C /* ProfileTableViewCell.swift */ = {isa = PBXFileReference; lastKnownFileType = sourcecode.swift; path = ProfileTableViewCell.swift; sourceTree = "<group>"; };
		75A6932A2834E89F00419C4C /* GroupsTableViewController.swift */ = {isa = PBXFileReference; lastKnownFileType = sourcecode.swift; path = GroupsTableViewController.swift; sourceTree = "<group>"; };
		75A6932C2834E9C400419C4C /* GroupTableViewCell.swift */ = {isa = PBXFileReference; lastKnownFileType = sourcecode.swift; path = GroupTableViewCell.swift; sourceTree = "<group>"; };
		75A6932E2834EDDB00419C4C /* AllGroupsTableViewController.swift */ = {isa = PBXFileReference; lastKnownFileType = sourcecode.swift; path = AllGroupsTableViewController.swift; sourceTree = "<group>"; };
		75A693302834F36D00419C4C /* AllGroupTableViewCell.swift */ = {isa = PBXFileReference; lastKnownFileType = sourcecode.swift; path = AllGroupTableViewCell.swift; sourceTree = "<group>"; };
		75E088792832F35D00AB56A4 /* User.swift */ = {isa = PBXFileReference; lastKnownFileType = sourcecode.swift; path = User.swift; sourceTree = "<group>"; };
		75E0887B2832F3A300AB56A4 /* UserPost.swift */ = {isa = PBXFileReference; lastKnownFileType = sourcecode.swift; path = UserPost.swift; sourceTree = "<group>"; };
		75E0887D2832F3BC00AB56A4 /* Group.swift */ = {isa = PBXFileReference; lastKnownFileType = sourcecode.swift; path = Group.swift; sourceTree = "<group>"; };
		75E0887F2832F53E00AB56A4 /* GroupsData.swift */ = {isa = PBXFileReference; lastKnownFileType = sourcecode.swift; path = GroupsData.swift; sourceTree = "<group>"; };
		75E088812832F6E700AB56A4 /* Profile.swift */ = {isa = PBXFileReference; lastKnownFileType = sourcecode.swift; path = Profile.swift; sourceTree = "<group>"; };
		75E7491F283EAACB009E4DF6 /* FriendTableViewCell.swift */ = {isa = PBXFileReference; lastKnownFileType = sourcecode.swift; path = FriendTableViewCell.swift; sourceTree = "<group>"; };
		75E74920283EAACB009E4DF6 /* FriendTableViewCell.xib */ = {isa = PBXFileReference; lastKnownFileType = file.xib; path = FriendTableViewCell.xib; sourceTree = "<group>"; };
		75E74923283EADCE009E4DF6 /* AddFriendsTableViewController.swift */ = {isa = PBXFileReference; lastKnownFileType = sourcecode.swift; path = AddFriendsTableViewController.swift; sourceTree = "<group>"; };
		75FC49AC284EBA2C00E0584C /* MultipleImagesViewDelegate.swift */ = {isa = PBXFileReference; lastKnownFileType = sourcecode.swift; path = MultipleImagesViewDelegate.swift; sourceTree = "<group>"; };
/* End PBXFileReference section */

/* Begin PBXFrameworksBuildPhase section */
		75862823281C0AFF006B1D4E /* Frameworks */ = {
			isa = PBXFrameworksBuildPhase;
			buildActionMask = 2147483647;
			files = (
			);
			runOnlyForDeploymentPostprocessing = 0;
		};
/* End PBXFrameworksBuildPhase section */

/* Begin PBXGroup section */
		750CA7832837AF7C0005D656 /* LikeControl */ = {
			isa = PBXGroup;
			children = (
				750CA7862837AFC70005D656 /* LikeControl.swift */,
			);
			path = LikeControl;
			sourceTree = "<group>";
		};
		751B73922832D1AF00AE62E3 /* Friends */ = {
			isa = PBXGroup;
			children = (
				754D9028282144D900FC3413 /* FriendsTableViewController.swift */,
				75E7491F283EAACB009E4DF6 /* FriendTableViewCell.swift */,
				75E74920283EAACB009E4DF6 /* FriendTableViewCell.xib */,
				75E74923283EADCE009E4DF6 /* AddFriendsTableViewController.swift */,
			);
			path = Friends;
			sourceTree = "<group>";
		};
		751B73932832D1BD00AE62E3 /* Extensions */ = {
			isa = PBXGroup;
			children = (
				754D902A2821475600FC3413 /* UIViewController+showAlert.swift */,
			);
			path = Extensions;
			sourceTree = "<group>";
		};
		751C446A2837A90100E3EB0D /* Feed */ = {
			isa = PBXGroup;
			children = (
				753261962847E6620047A46D /* FullScreenImageView */,
				750CA7832837AF7C0005D656 /* LikeControl */,
				754399C02832DCB20021B5E3 /* FeedCollectionViewController.swift */,
				754399C22832DD7D0021B5E3 /* FeedCollectionViewCell.swift */,
			);
			path = Feed;
			sourceTree = "<group>";
		};
		751D25E328431F3C000601D0 /* Controls */ = {
			isa = PBXGroup;
			children = (
				7556D6DB284E9C9D006162AA /* MultipleImagesView.swift */,
				754E6F48283788CE00F4A920 /* DravingTestView.swift */,
				751D25E428431F58000601D0 /* Spinner.swift */,
				7556D6D7284E99EB006162AA /* SpinnerViewController.swift */,
				75FC49AC284EBA2C00E0584C /* MultipleImagesViewDelegate.swift */,
			);
			path = Controls;
			sourceTree = "<group>";
		};
		753261962847E6620047A46D /* FullScreenImageView */ = {
			isa = PBXGroup;
			children = (
				753261972847E69B0047A46D /* FullScreenImageViewController.swift */,
				753261992847E8DE0047A46D /* ImagesCollectionView.swift */,
				753261A22847EC9C0047A46D /* FullScreenAnimator.swift */,
			);
			path = FullScreenImageView;
			sourceTree = "<group>";
		};
		754E6F4A28378FE900F4A920 /* Avatar */ = {
			isa = PBXGroup;
			children = (
				754E6F4B283791C300F4A920 /* Avatar.swift */,
				754E6F4D283792BB00F4A920 /* CircleImage.swift */,
			);
			path = Avatar;
			sourceTree = "<group>";
		};
		7586281D281C0AFF006B1D4E = {
			isa = PBXGroup;
			children = (
				75862828281C0AFF006B1D4E /* IOSLessons */,
				75862827281C0AFF006B1D4E /* Products */,
			);
			sourceTree = "<group>";
		};
		75862827281C0AFF006B1D4E /* Products */ = {
			isa = PBXGroup;
			children = (
				75862826281C0AFF006B1D4E /* IOSLessons.app */,
			);
			name = Products;
			sourceTree = "<group>";
		};
		75862828281C0AFF006B1D4E /* IOSLessons */ = {
			isa = PBXGroup;
			children = (
				751D25E328431F3C000601D0 /* Controls */,
				751C446A2837A90100E3EB0D /* Feed */,
				75A693272834E11800419C4C /* Groups */,
				75A6931E2834DB0300419C4C /* Profile */,
				75E088782832F33200AB56A4 /* Models */,
				75D296B32832D93300EFEB19 /* DataSources */,
				751B73932832D1BD00AE62E3 /* Extensions */,
				751B73922832D1AF00AE62E3 /* Friends */,
				75862829281C0AFF006B1D4E /* AppDelegate.swift */,
				7586282B281C0AFF006B1D4E /* SceneDelegate.swift */,
				7586282D281C0AFF006B1D4E /* ViewController.swift */,
				7586282F281C0AFF006B1D4E /* Main.storyboard */,
				75862832281C0B01006B1D4E /* Assets.xcassets */,
				75862834281C0B01006B1D4E /* LaunchScreen.storyboard */,
				75862837281C0B01006B1D4E /* Info.plist */,
			);
			path = IOSLessons;
			sourceTree = "<group>";
		};
		75A6931E2834DB0300419C4C /* Profile */ = {
			isa = PBXGroup;
			children = (
				754E6F4A28378FE900F4A920 /* Avatar */,
				75A693282834E14100419C4C /* ProfileTableViewCell.swift */,
				75A6931F2834DB5C00419C4C /* ProfileViewController.swift */,
				75A693232834DC2F00419C4C /* GroupTableView.swift */,
				75A693252834DF8000419C4C /* ProfileView.swift */,
				754E6F46283787CF00F4A920 /* CanvasViewController.swift */,
			);
			path = Profile;
			sourceTree = "<group>";
		};
		75A693272834E11800419C4C /* Groups */ = {
			isa = PBXGroup;
			children = (
				75A6932A2834E89F00419C4C /* GroupsTableViewController.swift */,
				75A6932C2834E9C400419C4C /* GroupTableViewCell.swift */,
				75A6932E2834EDDB00419C4C /* AllGroupsTableViewController.swift */,
				75A693302834F36D00419C4C /* AllGroupTableViewCell.swift */,
			);
			path = Groups;
			sourceTree = "<group>";
		};
		75D296B32832D93300EFEB19 /* DataSources */ = {
			isa = PBXGroup;
			children = (
				751B73942832D2C200AE62E3 /* PersonData.swift */,
				75E0887F2832F53E00AB56A4 /* GroupsData.swift */,
				75E088812832F6E700AB56A4 /* Profile.swift */,
			);
			path = DataSources;
			sourceTree = "<group>";
		};
		75E088782832F33200AB56A4 /* Models */ = {
			isa = PBXGroup;
			children = (
				75E0887B2832F3A300AB56A4 /* UserPost.swift */,
				75E088792832F35D00AB56A4 /* User.swift */,
				75E0887D2832F3BC00AB56A4 /* Group.swift */,
			);
			path = Models;
			sourceTree = "<group>";
		};
/* End PBXGroup section */

/* Begin PBXNativeTarget section */
		75862825281C0AFF006B1D4E /* IOSLessons */ = {
			isa = PBXNativeTarget;
			buildConfigurationList = 7586283A281C0B01006B1D4E /* Build configuration list for PBXNativeTarget "IOSLessons" */;
			buildPhases = (
				75862822281C0AFF006B1D4E /* Sources */,
				75862823281C0AFF006B1D4E /* Frameworks */,
				75862824281C0AFF006B1D4E /* Resources */,
			);
			buildRules = (
			);
			dependencies = (
			);
			name = IOSLessons;
			productName = IOSLessons;
			productReference = 75862826281C0AFF006B1D4E /* IOSLessons.app */;
			productType = "com.apple.product-type.application";
		};
/* End PBXNativeTarget section */

/* Begin PBXProject section */
		7586281E281C0AFF006B1D4E /* Project object */ = {
			isa = PBXProject;
			attributes = {
				BuildIndependentTargetsInParallel = 1;
				LastSwiftUpdateCheck = 1330;
				LastUpgradeCheck = 1330;
				TargetAttributes = {
					75862825281C0AFF006B1D4E = {
						CreatedOnToolsVersion = 13.3.1;
					};
				};
			};
			buildConfigurationList = 75862821281C0AFF006B1D4E /* Build configuration list for PBXProject "IOSLessons" */;
			compatibilityVersion = "Xcode 13.0";
			developmentRegion = en;
			hasScannedForEncodings = 0;
			knownRegions = (
				en,
				Base,
			);
			mainGroup = 7586281D281C0AFF006B1D4E;
			productRefGroup = 75862827281C0AFF006B1D4E /* Products */;
			projectDirPath = "";
			projectRoot = "";
			targets = (
				75862825281C0AFF006B1D4E /* IOSLessons */,
			);
		};
/* End PBXProject section */

/* Begin PBXResourcesBuildPhase section */
		75862824281C0AFF006B1D4E /* Resources */ = {
			isa = PBXResourcesBuildPhase;
			buildActionMask = 2147483647;
			files = (
				75862836281C0B01006B1D4E /* LaunchScreen.storyboard in Resources */,
				75862833281C0B01006B1D4E /* Assets.xcassets in Resources */,
				75862831281C0AFF006B1D4E /* Main.storyboard in Resources */,
				75E74922283EAACB009E4DF6 /* FriendTableViewCell.xib in Resources */,
			);
			runOnlyForDeploymentPostprocessing = 0;
		};
/* End PBXResourcesBuildPhase section */

/* Begin PBXSourcesBuildPhase section */
		75862822281C0AFF006B1D4E /* Sources */ = {
			isa = PBXSourcesBuildPhase;
			buildActionMask = 2147483647;
			files = (
				754D9029282144D900FC3413 /* FriendsTableViewController.swift in Sources */,
				753261A32847EC9C0047A46D /* FullScreenAnimator.swift in Sources */,
				7586282E281C0AFF006B1D4E /* ViewController.swift in Sources */,
				75A6932F2834EDDB00419C4C /* AllGroupsTableViewController.swift in Sources */,
				7556D6DC284E9C9D006162AA /* MultipleImagesView.swift in Sources */,
				754E6F4E283792BB00F4A920 /* CircleImage.swift in Sources */,
				751D25E528431F58000601D0 /* Spinner.swift in Sources */,
				751B73952832D2C200AE62E3 /* PersonData.swift in Sources */,
				75E088822832F6E700AB56A4 /* Profile.swift in Sources */,
				75E0887E2832F3BC00AB56A4 /* Group.swift in Sources */,
				754E6F49283788CE00F4A920 /* DravingTestView.swift in Sources */,
				7586282A281C0AFF006B1D4E /* AppDelegate.swift in Sources */,
				75E74924283EADCE009E4DF6 /* AddFriendsTableViewController.swift in Sources */,
				75E0887C2832F3A300AB56A4 /* UserPost.swift in Sources */,
				754399C32832DD7D0021B5E3 /* FeedCollectionViewCell.swift in Sources */,
				75A693262834DF8000419C4C /* ProfileView.swift in Sources */,
				754D902B2821475600FC3413 /* UIViewController+showAlert.swift in Sources */,
				754E6F4C283791C300F4A920 /* Avatar.swift in Sources */,
				754399C12832DCB20021B5E3 /* FeedCollectionViewController.swift in Sources */,
				753261982847E69B0047A46D /* FullScreenImageViewController.swift in Sources */,
				75E0887A2832F35D00AB56A4 /* User.swift in Sources */,
				75A693202834DB5C00419C4C /* ProfileViewController.swift in Sources */,
				75E088802832F53E00AB56A4 /* GroupsData.swift in Sources */,
				7556D6D8284E99EB006162AA /* SpinnerViewController.swift in Sources */,
				75A693292834E14100419C4C /* ProfileTableViewCell.swift in Sources */,
				7586282C281C0AFF006B1D4E /* SceneDelegate.swift in Sources */,
				75A6932B2834E89F00419C4C /* GroupsTableViewController.swift in Sources */,
				75A693242834DC2F00419C4C /* GroupTableView.swift in Sources */,
				754E6F47283787CF00F4A920 /* CanvasViewController.swift in Sources */,
				75A6932D2834E9C400419C4C /* GroupTableViewCell.swift in Sources */,
				7532619A2847E8DE0047A46D /* ImagesCollectionView.swift in Sources */,
				750CA7872837AFC70005D656 /* LikeControl.swift in Sources */,
				75FC49AD284EBA2C00E0584C /* MultipleImagesViewDelegate.swift in Sources */,
				75A693312834F36D00419C4C /* AllGroupTableViewCell.swift in Sources */,
				75E74921283EAACB009E4DF6 /* FriendTableViewCell.swift in Sources */,
			);
			runOnlyForDeploymentPostprocessing = 0;
		};
/* End PBXSourcesBuildPhase section */

/* Begin PBXVariantGroup section */
		7586282F281C0AFF006B1D4E /* Main.storyboard */ = {
			isa = PBXVariantGroup;
			children = (
				75862830281C0AFF006B1D4E /* Base */,
			);
			name = Main.storyboard;
			sourceTree = "<group>";
		};
		75862834281C0B01006B1D4E /* LaunchScreen.storyboard */ = {
			isa = PBXVariantGroup;
			children = (
				75862835281C0B01006B1D4E /* Base */,
			);
			name = LaunchScreen.storyboard;
			sourceTree = "<group>";
		};
/* End PBXVariantGroup section */

/* Begin XCBuildConfiguration section */
		75862838281C0B01006B1D4E /* Debug */ = {
			isa = XCBuildConfiguration;
			buildSettings = {
				ALWAYS_SEARCH_USER_PATHS = NO;
				CLANG_ANALYZER_NONNULL = YES;
				CLANG_ANALYZER_NUMBER_OBJECT_CONVERSION = YES_AGGRESSIVE;
				CLANG_CXX_LANGUAGE_STANDARD = "gnu++17";
				CLANG_ENABLE_MODULES = YES;
				CLANG_ENABLE_OBJC_ARC = YES;
				CLANG_ENABLE_OBJC_WEAK = YES;
				CLANG_WARN_BLOCK_CAPTURE_AUTORELEASING = YES;
				CLANG_WARN_BOOL_CONVERSION = YES;
				CLANG_WARN_COMMA = YES;
				CLANG_WARN_CONSTANT_CONVERSION = YES;
				CLANG_WARN_DEPRECATED_OBJC_IMPLEMENTATIONS = YES;
				CLANG_WARN_DIRECT_OBJC_ISA_USAGE = YES_ERROR;
				CLANG_WARN_DOCUMENTATION_COMMENTS = YES;
				CLANG_WARN_EMPTY_BODY = YES;
				CLANG_WARN_ENUM_CONVERSION = YES;
				CLANG_WARN_INFINITE_RECURSION = YES;
				CLANG_WARN_INT_CONVERSION = YES;
				CLANG_WARN_NON_LITERAL_NULL_CONVERSION = YES;
				CLANG_WARN_OBJC_IMPLICIT_RETAIN_SELF = YES;
				CLANG_WARN_OBJC_LITERAL_CONVERSION = YES;
				CLANG_WARN_OBJC_ROOT_CLASS = YES_ERROR;
				CLANG_WARN_QUOTED_INCLUDE_IN_FRAMEWORK_HEADER = YES;
				CLANG_WARN_RANGE_LOOP_ANALYSIS = YES;
				CLANG_WARN_STRICT_PROTOTYPES = YES;
				CLANG_WARN_SUSPICIOUS_MOVE = YES;
				CLANG_WARN_UNGUARDED_AVAILABILITY = YES_AGGRESSIVE;
				CLANG_WARN_UNREACHABLE_CODE = YES;
				CLANG_WARN__DUPLICATE_METHOD_MATCH = YES;
				COPY_PHASE_STRIP = NO;
				DEBUG_INFORMATION_FORMAT = dwarf;
				ENABLE_STRICT_OBJC_MSGSEND = YES;
				ENABLE_TESTABILITY = YES;
				GCC_C_LANGUAGE_STANDARD = gnu11;
				GCC_DYNAMIC_NO_PIC = NO;
				GCC_NO_COMMON_BLOCKS = YES;
				GCC_OPTIMIZATION_LEVEL = 0;
				GCC_PREPROCESSOR_DEFINITIONS = (
					"DEBUG=1",
					"$(inherited)",
				);
				GCC_WARN_64_TO_32_BIT_CONVERSION = YES;
				GCC_WARN_ABOUT_RETURN_TYPE = YES_ERROR;
				GCC_WARN_UNDECLARED_SELECTOR = YES;
				GCC_WARN_UNINITIALIZED_AUTOS = YES_AGGRESSIVE;
				GCC_WARN_UNUSED_FUNCTION = YES;
				GCC_WARN_UNUSED_VARIABLE = YES;
				IPHONEOS_DEPLOYMENT_TARGET = 15.4;
				MTL_ENABLE_DEBUG_INFO = INCLUDE_SOURCE;
				MTL_FAST_MATH = YES;
				ONLY_ACTIVE_ARCH = YES;
				SDKROOT = iphoneos;
				SWIFT_ACTIVE_COMPILATION_CONDITIONS = DEBUG;
				SWIFT_OPTIMIZATION_LEVEL = "-Onone";
			};
			name = Debug;
		};
		75862839281C0B01006B1D4E /* Release */ = {
			isa = XCBuildConfiguration;
			buildSettings = {
				ALWAYS_SEARCH_USER_PATHS = NO;
				CLANG_ANALYZER_NONNULL = YES;
				CLANG_ANALYZER_NUMBER_OBJECT_CONVERSION = YES_AGGRESSIVE;
				CLANG_CXX_LANGUAGE_STANDARD = "gnu++17";
				CLANG_ENABLE_MODULES = YES;
				CLANG_ENABLE_OBJC_ARC = YES;
				CLANG_ENABLE_OBJC_WEAK = YES;
				CLANG_WARN_BLOCK_CAPTURE_AUTORELEASING = YES;
				CLANG_WARN_BOOL_CONVERSION = YES;
				CLANG_WARN_COMMA = YES;
				CLANG_WARN_CONSTANT_CONVERSION = YES;
				CLANG_WARN_DEPRECATED_OBJC_IMPLEMENTATIONS = YES;
				CLANG_WARN_DIRECT_OBJC_ISA_USAGE = YES_ERROR;
				CLANG_WARN_DOCUMENTATION_COMMENTS = YES;
				CLANG_WARN_EMPTY_BODY = YES;
				CLANG_WARN_ENUM_CONVERSION = YES;
				CLANG_WARN_INFINITE_RECURSION = YES;
				CLANG_WARN_INT_CONVERSION = YES;
				CLANG_WARN_NON_LITERAL_NULL_CONVERSION = YES;
				CLANG_WARN_OBJC_IMPLICIT_RETAIN_SELF = YES;
				CLANG_WARN_OBJC_LITERAL_CONVERSION = YES;
				CLANG_WARN_OBJC_ROOT_CLASS = YES_ERROR;
				CLANG_WARN_QUOTED_INCLUDE_IN_FRAMEWORK_HEADER = YES;
				CLANG_WARN_RANGE_LOOP_ANALYSIS = YES;
				CLANG_WARN_STRICT_PROTOTYPES = YES;
				CLANG_WARN_SUSPICIOUS_MOVE = YES;
				CLANG_WARN_UNGUARDED_AVAILABILITY = YES_AGGRESSIVE;
				CLANG_WARN_UNREACHABLE_CODE = YES;
				CLANG_WARN__DUPLICATE_METHOD_MATCH = YES;
				COPY_PHASE_STRIP = NO;
				DEBUG_INFORMATION_FORMAT = "dwarf-with-dsym";
				ENABLE_NS_ASSERTIONS = NO;
				ENABLE_STRICT_OBJC_MSGSEND = YES;
				GCC_C_LANGUAGE_STANDARD = gnu11;
				GCC_NO_COMMON_BLOCKS = YES;
				GCC_WARN_64_TO_32_BIT_CONVERSION = YES;
				GCC_WARN_ABOUT_RETURN_TYPE = YES_ERROR;
				GCC_WARN_UNDECLARED_SELECTOR = YES;
				GCC_WARN_UNINITIALIZED_AUTOS = YES_AGGRESSIVE;
				GCC_WARN_UNUSED_FUNCTION = YES;
				GCC_WARN_UNUSED_VARIABLE = YES;
				IPHONEOS_DEPLOYMENT_TARGET = 15.4;
				MTL_ENABLE_DEBUG_INFO = NO;
				MTL_FAST_MATH = YES;
				SDKROOT = iphoneos;
				SWIFT_COMPILATION_MODE = wholemodule;
				SWIFT_OPTIMIZATION_LEVEL = "-O";
				VALIDATE_PRODUCT = YES;
			};
			name = Release;
		};
		7586283B281C0B01006B1D4E /* Debug */ = {
			isa = XCBuildConfiguration;
			buildSettings = {
				ASSETCATALOG_COMPILER_APPICON_NAME = AppIcon;
				ASSETCATALOG_COMPILER_GLOBAL_ACCENT_COLOR_NAME = AccentColor;
				CODE_SIGN_STYLE = Automatic;
				CURRENT_PROJECT_VERSION = 1;
				DEVELOPMENT_TEAM = 47X734N754;
				GENERATE_INFOPLIST_FILE = YES;
				INFOPLIST_FILE = IOSLessons/Info.plist;
				INFOPLIST_KEY_UIApplicationSupportsIndirectInputEvents = YES;
				INFOPLIST_KEY_UILaunchStoryboardName = LaunchScreen;
				INFOPLIST_KEY_UIMainStoryboardFile = Main;
				INFOPLIST_KEY_UISupportedInterfaceOrientations_iPad = "UIInterfaceOrientationPortrait UIInterfaceOrientationPortraitUpsideDown UIInterfaceOrientationLandscapeLeft UIInterfaceOrientationLandscapeRight";
				INFOPLIST_KEY_UISupportedInterfaceOrientations_iPhone = "UIInterfaceOrientationPortrait UIInterfaceOrientationLandscapeLeft UIInterfaceOrientationLandscapeRight";
				LD_RUNPATH_SEARCH_PATHS = (
					"$(inherited)",
					"@executable_path/Frameworks",
				);
				MARKETING_VERSION = 1.0;
				PRODUCT_BUNDLE_IDENTIFIER = hedgehog.IOSLessons;
				PRODUCT_NAME = "$(TARGET_NAME)";
				SWIFT_EMIT_LOC_STRINGS = YES;
				SWIFT_VERSION = 5.0;
				TARGETED_DEVICE_FAMILY = "1,2";
			};
			name = Debug;
		};
		7586283C281C0B01006B1D4E /* Release */ = {
			isa = XCBuildConfiguration;
			buildSettings = {
				ASSETCATALOG_COMPILER_APPICON_NAME = AppIcon;
				ASSETCATALOG_COMPILER_GLOBAL_ACCENT_COLOR_NAME = AccentColor;
				CODE_SIGN_STYLE = Automatic;
				CURRENT_PROJECT_VERSION = 1;
				DEVELOPMENT_TEAM = 47X734N754;
				GENERATE_INFOPLIST_FILE = YES;
				INFOPLIST_FILE = IOSLessons/Info.plist;
				INFOPLIST_KEY_UIApplicationSupportsIndirectInputEvents = YES;
				INFOPLIST_KEY_UILaunchStoryboardName = LaunchScreen;
				INFOPLIST_KEY_UIMainStoryboardFile = Main;
				INFOPLIST_KEY_UISupportedInterfaceOrientations_iPad = "UIInterfaceOrientationPortrait UIInterfaceOrientationPortraitUpsideDown UIInterfaceOrientationLandscapeLeft UIInterfaceOrientationLandscapeRight";
				INFOPLIST_KEY_UISupportedInterfaceOrientations_iPhone = "UIInterfaceOrientationPortrait UIInterfaceOrientationLandscapeLeft UIInterfaceOrientationLandscapeRight";
				LD_RUNPATH_SEARCH_PATHS = (
					"$(inherited)",
					"@executable_path/Frameworks",
				);
				MARKETING_VERSION = 1.0;
				PRODUCT_BUNDLE_IDENTIFIER = hedgehog.IOSLessons;
				PRODUCT_NAME = "$(TARGET_NAME)";
				SWIFT_EMIT_LOC_STRINGS = YES;
				SWIFT_VERSION = 5.0;
				TARGETED_DEVICE_FAMILY = "1,2";
			};
			name = Release;
		};
/* End XCBuildConfiguration section */

/* Begin XCConfigurationList section */
		75862821281C0AFF006B1D4E /* Build configuration list for PBXProject "IOSLessons" */ = {
			isa = XCConfigurationList;
			buildConfigurations = (
				75862838281C0B01006B1D4E /* Debug */,
				75862839281C0B01006B1D4E /* Release */,
			);
			defaultConfigurationIsVisible = 0;
			defaultConfigurationName = Release;
		};
		7586283A281C0B01006B1D4E /* Build configuration list for PBXNativeTarget "IOSLessons" */ = {
			isa = XCConfigurationList;
			buildConfigurations = (
				7586283B281C0B01006B1D4E /* Debug */,
				7586283C281C0B01006B1D4E /* Release */,
			);
			defaultConfigurationIsVisible = 0;
			defaultConfigurationName = Release;
		};
/* End XCConfigurationList section */
	};
	rootObject = 7586281E281C0AFF006B1D4E /* Project object */;
}
